
Microsoft Visual Studio Solution File, Format Version 12.00
# Visual Studio Version 17
VisualStudioVersion = 17.13.35931.197 d17.13
MinimumVisualStudioVersion = 10.0.40219.1
Project("{888888A0-9F3D-457C-B088-3A5042F75D52}") = "Simple_Banking_System", "Simple_Banking_System\Simple_Banking_System.pyproj", "{FDE8D74E-6B4D-4F9A-AEF5-41F4207CE449}"
EndProject
Global
	GlobalSection(SolutionConfigurationPlatforms) = preSolution
		Debug|Any CPU = Debug|Any CPU
		Release|Any CPU = Release|Any CPU
	EndGlobalSection
	GlobalSection(ProjectConfigurationPlatforms) = postSolution
		{FDE8D74E-6B4D-4F9A-AEF5-41F4207CE449}.Debug|Any CPU.ActiveCfg = Debug|Any CPU
		{FDE8D74E-6B4D-4F9A-AEF5-41F4207CE449}.Release|Any CPU.ActiveCfg = Release|Any CPU
	EndGlobalSection
	GlobalSection(SolutionProperties) = preSolution
		HideSolutionNode = FALSE
	EndGlobalSection
	GlobalSection(ExtensibilityGlobals) = postSolution
		SolutionGuid = {1358316D-45C3-4EAB-8617-8452C283BC9B}
	EndGlobalSection
EndGlobal
